{
  "name": "proyectofinal",
  "version": "0.0.0",
  "lockfileVersion": 3,
  "requires": true,
  "$schema": "./node_modules/@angular/cli/lib/config/schema.json",
  "newProjectRoot": "projects",
  "packages": {
    "": {
      "name": "proyectofinal",
      "version": "0.0.0",
      "dependencies": {
        "proyectofinal": "file:"
      }
    },
    "node_modules/proyectofinal": {
      "resolved": "",
      "link": true
    }
  },
  "cli": {
    "analytics": "49b13752-8b7d-4f2f-b207-b3c4115acbf8"
  },
  "projects": {
    "proyectofinal": {
      "prefix": "app",
      "projectType": "application",
      "root": "",
      "sourceRoot": "src",
      "architect": {
        "build": {
          "builder": "@angular-devkit/build-angular:browser",
          "defaultConfiguration": "production",
          "configurations": {
            "development": {
              "buildOptimizer": false,
              "extractLicenses": false,
              "namedChunks": true,
              "optimization": false,
              "sourceMap": true,
              "vendorChunk": true
            },
            "production": {
              "budgets": [
                {
                  "maximumError": "1mb",
                  "maximumWarning": "500kb",
                  "type": "initial"
                },
                {
                  "maximumError": "4kb",
                  "maximumWarning": "2kb",
                  "type": "anyComponentStyle"
                }
              ],
              "outputHashing": "all"
            }
          },
          "options": {
            "assets": [
              "src/favicon.ico",
              "src/assets"
            ],
            "index": "src/index.html",
            "main": "src/main.ts",
            "outputPath": "dist/proyectofinal",
            "polyfills": [
              "zone.js"
            ],
            "scripts": [],
            "styles": [
              "src/styles.css"
            ],
            "tsConfig": "tsconfig.app.json"
          }
        },
        "extract-i18n": {
          "builder": "@angular-devkit/build-angular:extract-i18n",
          "options": {
            "browserTarget": "proyectofinal:build"
          }
        },
        "serve": {
          "builder": "@angular-devkit/build-angular:dev-server",
          "defaultConfiguration": "development",
          "configurations": {
            "development": {
              "browserTarget": "proyectofinal:build:development"
            },
            "production": {
              "browserTarget": "proyectofinal:build:production"
            }
          }
        },
        "test": {
          "builder": "@angular-devkit/build-angular:karma",
          "options": {
            "assets": [
              "src/favicon.ico",
              "src/assets"
            ],
            "polyfills": [
              "zone.js",
              "zone.js/testing"
            ],
            "scripts": [],
            "styles": [
              "src/styles.css"
            ],
            "tsConfig": "tsconfig.spec.json"
          }
        }
      },
      "schematics": {}
    }
  }
}
